
Microsoft Visual Studio Solution File, Format Version 12.00
# Visual Studio 15
VisualStudioVersion = 15.0.26124.0
MinimumVisualStudioVersion = 15.0.26124.0
Project("{2150E333-8FDC-42A3-9474-1A3956D46DE8}") = "src", "src", "{1F35C10F-FC86-49BF-AE49-9D1F3CB46E9F}"
EndProject
Project("{9A19103F-16F7-4668-BE54-9A1E7A4F7556}") = "clean.architecture.core", "src\clean.architecture.core\clean.architecture.core.csproj", "{0C5E7A8E-30D8-49A6-8B24-5ED7515466A8}"
EndProject
Project("{9A19103F-16F7-4668-BE54-9A1E7A4F7556}") = "clean.architecture.infrastructure", "src\clean.architecture.infrastructure\clean.architecture.infrastructure.csproj", "{EB409403-2A83-4720-9A96-B41CAC8D99DD}"
EndProject
Project("{2150E333-8FDC-42A3-9474-1A3956D46DE8}") = "tests", "tests", "{242D8C5A-1299-4B11-930A-C2A6A037555E}"
EndProject
Project("{9A19103F-16F7-4668-BE54-9A1E7A4F7556}") = "clean.architecture.integration.test", "tests\clean.architecture.integration.test\clean.architecture.integration.test.csproj", "{5CF25D25-F66D-4C94-869D-DBBE170EF860}"
EndProject
Project("{9A19103F-16F7-4668-BE54-9A1E7A4F7556}") = "clean.architecture.functional.test", "tests\clean.architecture.functional.test\clean.architecture.functional.test.csproj", "{3D011343-6F7C-4503-9D84-3328AB062741}"
EndProject
Project("{9A19103F-16F7-4668-BE54-9A1E7A4F7556}") = "clean.architecture.unit.test", "tests\clean.architecture.unit.test\clean.architecture.unit.test.csproj", "{C59F5EE7-C163-49ED-94DA-35B887D336F0}"
EndProject
Project("{FAE04EC0-301F-11D3-BF4B-00C04F79EFBC}") = "clean.architecture.api", "src\clean.architecture.api\clean.architecture.api.csproj", "{667AE325-D517-426C-87D1-D771DEF91821}"
EndProject
Global
	GlobalSection(SolutionConfigurationPlatforms) = preSolution
		Debug|Any CPU = Debug|Any CPU
		Debug|x64 = Debug|x64
		Debug|x86 = Debug|x86
		Release|Any CPU = Release|Any CPU
		Release|x64 = Release|x64
		Release|x86 = Release|x86
	EndGlobalSection
	GlobalSection(ProjectConfigurationPlatforms) = postSolution
		{0C5E7A8E-30D8-49A6-8B24-5ED7515466A8}.Debug|Any CPU.ActiveCfg = Debug|Any CPU
		{0C5E7A8E-30D8-49A6-8B24-5ED7515466A8}.Debug|Any CPU.Build.0 = Debug|Any CPU
		{0C5E7A8E-30D8-49A6-8B24-5ED7515466A8}.Debug|x64.ActiveCfg = Debug|Any CPU
		{0C5E7A8E-30D8-49A6-8B24-5ED7515466A8}.Debug|x64.Build.0 = Debug|Any CPU
		{0C5E7A8E-30D8-49A6-8B24-5ED7515466A8}.Debug|x86.ActiveCfg = Debug|Any CPU
		{0C5E7A8E-30D8-49A6-8B24-5ED7515466A8}.Debug|x86.Build.0 = Debug|Any CPU
		{0C5E7A8E-30D8-49A6-8B24-5ED7515466A8}.Release|Any CPU.ActiveCfg = Release|Any CPU
		{0C5E7A8E-30D8-49A6-8B24-5ED7515466A8}.Release|Any CPU.Build.0 = Release|Any CPU
		{0C5E7A8E-30D8-49A6-8B24-5ED7515466A8}.Release|x64.ActiveCfg = Release|Any CPU
		{0C5E7A8E-30D8-49A6-8B24-5ED7515466A8}.Release|x64.Build.0 = Release|Any CPU
		{0C5E7A8E-30D8-49A6-8B24-5ED7515466A8}.Release|x86.ActiveCfg = Release|Any CPU
		{0C5E7A8E-30D8-49A6-8B24-5ED7515466A8}.Release|x86.Build.0 = Release|Any CPU
		{EB409403-2A83-4720-9A96-B41CAC8D99DD}.Debug|Any CPU.ActiveCfg = Debug|Any CPU
		{EB409403-2A83-4720-9A96-B41CAC8D99DD}.Debug|Any CPU.Build.0 = Debug|Any CPU
		{EB409403-2A83-4720-9A96-B41CAC8D99DD}.Debug|x64.ActiveCfg = Debug|Any CPU
		{EB409403-2A83-4720-9A96-B41CAC8D99DD}.Debug|x64.Build.0 = Debug|Any CPU
		{EB409403-2A83-4720-9A96-B41CAC8D99DD}.Debug|x86.ActiveCfg = Debug|Any CPU
		{EB409403-2A83-4720-9A96-B41CAC8D99DD}.Debug|x86.Build.0 = Debug|Any CPU
		{EB409403-2A83-4720-9A96-B41CAC8D99DD}.Release|Any CPU.ActiveCfg = Release|Any CPU
		{EB409403-2A83-4720-9A96-B41CAC8D99DD}.Release|Any CPU.Build.0 = Release|Any CPU
		{EB409403-2A83-4720-9A96-B41CAC8D99DD}.Release|x64.ActiveCfg = Release|Any CPU
		{EB409403-2A83-4720-9A96-B41CAC8D99DD}.Release|x64.Build.0 = Release|Any CPU
		{EB409403-2A83-4720-9A96-B41CAC8D99DD}.Release|x86.ActiveCfg = Release|Any CPU
		{EB409403-2A83-4720-9A96-B41CAC8D99DD}.Release|x86.Build.0 = Release|Any CPU
		{5CF25D25-F66D-4C94-869D-DBBE170EF860}.Debug|Any CPU.ActiveCfg = Debug|Any CPU
		{5CF25D25-F66D-4C94-869D-DBBE170EF860}.Debug|Any CPU.Build.0 = Debug|Any CPU
		{5CF25D25-F66D-4C94-869D-DBBE170EF860}.Debug|x64.ActiveCfg = Debug|Any CPU
		{5CF25D25-F66D-4C94-869D-DBBE170EF860}.Debug|x64.Build.0 = Debug|Any CPU
		{5CF25D25-F66D-4C94-869D-DBBE170EF860}.Debug|x86.ActiveCfg = Debug|Any CPU
		{5CF25D25-F66D-4C94-869D-DBBE170EF860}.Debug|x86.Build.0 = Debug|Any CPU
		{5CF25D25-F66D-4C94-869D-DBBE170EF860}.Release|Any CPU.ActiveCfg = Release|Any CPU
		{5CF25D25-F66D-4C94-869D-DBBE170EF860}.Release|Any CPU.Build.0 = Release|Any CPU
		{5CF25D25-F66D-4C94-869D-DBBE170EF860}.Release|x64.ActiveCfg = Release|Any CPU
		{5CF25D25-F66D-4C94-869D-DBBE170EF860}.Release|x64.Build.0 = Release|Any CPU
		{5CF25D25-F66D-4C94-869D-DBBE170EF860}.Release|x86.ActiveCfg = Release|Any CPU
		{5CF25D25-F66D-4C94-869D-DBBE170EF860}.Release|x86.Build.0 = Release|Any CPU
		{3D011343-6F7C-4503-9D84-3328AB062741}.Debug|Any CPU.ActiveCfg = Debug|Any CPU
		{3D011343-6F7C-4503-9D84-3328AB062741}.Debug|Any CPU.Build.0 = Debug|Any CPU
		{3D011343-6F7C-4503-9D84-3328AB062741}.Debug|x64.ActiveCfg = Debug|Any CPU
		{3D011343-6F7C-4503-9D84-3328AB062741}.Debug|x64.Build.0 = Debug|Any CPU
		{3D011343-6F7C-4503-9D84-3328AB062741}.Debug|x86.ActiveCfg = Debug|Any CPU
		{3D011343-6F7C-4503-9D84-3328AB062741}.Debug|x86.Build.0 = Debug|Any CPU
		{3D011343-6F7C-4503-9D84-3328AB062741}.Release|Any CPU.ActiveCfg = Release|Any CPU
		{3D011343-6F7C-4503-9D84-3328AB062741}.Release|Any CPU.Build.0 = Release|Any CPU
		{3D011343-6F7C-4503-9D84-3328AB062741}.Release|x64.ActiveCfg = Release|Any CPU
		{3D011343-6F7C-4503-9D84-3328AB062741}.Release|x64.Build.0 = Release|Any CPU
		{3D011343-6F7C-4503-9D84-3328AB062741}.Release|x86.ActiveCfg = Release|Any CPU
		{3D011343-6F7C-4503-9D84-3328AB062741}.Release|x86.Build.0 = Release|Any CPU
		{C59F5EE7-C163-49ED-94DA-35B887D336F0}.Debug|Any CPU.ActiveCfg = Debug|Any CPU
		{C59F5EE7-C163-49ED-94DA-35B887D336F0}.Debug|Any CPU.Build.0 = Debug|Any CPU
		{C59F5EE7-C163-49ED-94DA-35B887D336F0}.Debug|x64.ActiveCfg = Debug|Any CPU
		{C59F5EE7-C163-49ED-94DA-35B887D336F0}.Debug|x64.Build.0 = Debug|Any CPU
		{C59F5EE7-C163-49ED-94DA-35B887D336F0}.Debug|x86.ActiveCfg = Debug|Any CPU
		{C59F5EE7-C163-49ED-94DA-35B887D336F0}.Debug|x86.Build.0 = Debug|Any CPU
		{C59F5EE7-C163-49ED-94DA-35B887D336F0}.Release|Any CPU.ActiveCfg = Release|Any CPU
		{C59F5EE7-C163-49ED-94DA-35B887D336F0}.Release|Any CPU.Build.0 = Release|Any CPU
		{C59F5EE7-C163-49ED-94DA-35B887D336F0}.Release|x64.ActiveCfg = Release|Any CPU
		{C59F5EE7-C163-49ED-94DA-35B887D336F0}.Release|x64.Build.0 = Release|Any CPU
		{C59F5EE7-C163-49ED-94DA-35B887D336F0}.Release|x86.ActiveCfg = Release|Any CPU
		{C59F5EE7-C163-49ED-94DA-35B887D336F0}.Release|x86.Build.0 = Release|Any CPU
		{667AE325-D517-426C-87D1-D771DEF91821}.Debug|Any CPU.ActiveCfg = Debug|Any CPU
		{667AE325-D517-426C-87D1-D771DEF91821}.Debug|Any CPU.Build.0 = Debug|Any CPU
		{667AE325-D517-426C-87D1-D771DEF91821}.Debug|x64.ActiveCfg = Debug|Any CPU
		{667AE325-D517-426C-87D1-D771DEF91821}.Debug|x64.Build.0 = Debug|Any CPU
		{667AE325-D517-426C-87D1-D771DEF91821}.Debug|x86.ActiveCfg = Debug|Any CPU
		{667AE325-D517-426C-87D1-D771DEF91821}.Debug|x86.Build.0 = Debug|Any CPU
		{667AE325-D517-426C-87D1-D771DEF91821}.Release|Any CPU.ActiveCfg = Release|Any CPU
		{667AE325-D517-426C-87D1-D771DEF91821}.Release|Any CPU.Build.0 = Release|Any CPU
		{667AE325-D517-426C-87D1-D771DEF91821}.Release|x64.ActiveCfg = Release|Any CPU
		{667AE325-D517-426C-87D1-D771DEF91821}.Release|x64.Build.0 = Release|Any CPU
		{667AE325-D517-426C-87D1-D771DEF91821}.Release|x86.ActiveCfg = Release|Any CPU
		{667AE325-D517-426C-87D1-D771DEF91821}.Release|x86.Build.0 = Release|Any CPU
	EndGlobalSection
	GlobalSection(SolutionProperties) = preSolution
		HideSolutionNode = FALSE
	EndGlobalSection
	GlobalSection(NestedProjects) = preSolution
		{0C5E7A8E-30D8-49A6-8B24-5ED7515466A8} = {1F35C10F-FC86-49BF-AE49-9D1F3CB46E9F}
		{EB409403-2A83-4720-9A96-B41CAC8D99DD} = {1F35C10F-FC86-49BF-AE49-9D1F3CB46E9F}
		{5CF25D25-F66D-4C94-869D-DBBE170EF860} = {242D8C5A-1299-4B11-930A-C2A6A037555E}
		{3D011343-6F7C-4503-9D84-3328AB062741} = {242D8C5A-1299-4B11-930A-C2A6A037555E}
		{C59F5EE7-C163-49ED-94DA-35B887D336F0} = {242D8C5A-1299-4B11-930A-C2A6A037555E}
		{667AE325-D517-426C-87D1-D771DEF91821} = {1F35C10F-FC86-49BF-AE49-9D1F3CB46E9F}
	EndGlobalSection
	GlobalSection(ExtensibilityGlobals) = postSolution
		SolutionGuid = {1333FC2B-5F78-4EF0-AC15-26AF06C52DC1}
	EndGlobalSection
EndGlobal
